// !$*UTF8*$!
{
	archiveVersion = 1;
	classes = {
	};
	objectVersion = 77;
	objects = {

/* Begin PBXBuildFile section */
		106B0DF2F3D1AF79DA5D3805 /* QtLlamaApp.swift in Sources */ = {isa = PBXBuildFile; fileRef = E894EA467DAAA73B7D7CBB38 /* QtLlamaApp.swift */; };
		8084B834588C2B735D5FD1E8 /* ChatViewModel.swift in Sources */ = {isa = PBXBuildFile; fileRef = 73CB696AB799DB0153BD6A7F /* ChatViewModel.swift */; };
		99A693C11C73086320BB3A4D /* MLXQtBridge in Frameworks */ = {isa = PBXBuildFile; productRef = F2D1A9407FABB520623F081D /* MLXQtBridge */; };
		A37F7D70EC40465251C6A197 /* ContentView.swift in Sources */ = {isa = PBXBuildFile; fileRef = 90F019FB029E508E8C24EEC7 /* ContentView.swift */; };
/* End PBXBuildFile section */

/* Begin PBXFileReference section */
		6EBC135318C91948FD2FDA87 /* MLXQtBridge */ = {isa = PBXFileReference; lastKnownFileType = folder; name = MLXQtBridge; path = ../MLXQtBridge; sourceTree = SOURCE_ROOT; };
		73CB696AB799DB0153BD6A7F /* ChatViewModel.swift */ = {isa = PBXFileReference; lastKnownFileType = sourcecode.swift; path = ChatViewModel.swift; sourceTree = "<group>"; };
		90F019FB029E508E8C24EEC7 /* ContentView.swift */ = {isa = PBXFileReference; lastKnownFileType = sourcecode.swift; path = ContentView.swift; sourceTree = "<group>"; };
		E894EA467DAAA73B7D7CBB38 /* QtLlamaApp.swift */ = {isa = PBXFileReference; lastKnownFileType = sourcecode.swift; path = QtLlamaApp.swift; sourceTree = "<group>"; };
		FBA09CB4F9EDD8BCC9A883A2 /* QtLlama.app */ = {isa = PBXFileReference; explicitFileType = wrapper.application; includeInIndex = 0; path = QtLlama.app; sourceTree = BUILT_PRODUCTS_DIR; };
/* End PBXFileReference section */

/* Begin PBXFrameworksBuildPhase section */
		2A018850939DE2E7F6046374 /* Frameworks */ = {
			isa = PBXFrameworksBuildPhase;
			buildActionMask = 2147483647;
			files = (
				99A693C11C73086320BB3A4D /* MLXQtBridge in Frameworks */,
			);
			runOnlyForDeploymentPostprocessing = 0;
		};
/* End PBXFrameworksBuildPhase section */

/* Begin PBXGroup section */
		584BDC4566FAE5D3D3D68551 /* Products */ = {
			isa = PBXGroup;
			children = (
				FBA09CB4F9EDD8BCC9A883A2 /* QtLlama.app */,
			);
			name = Products;
			sourceTree = "<group>";
		};
		79511DAAC08B1FD1FEDA0FFF /* Sources */ = {
			isa = PBXGroup;
			children = (
				73CB696AB799DB0153BD6A7F /* ChatViewModel.swift */,
				90F019FB029E508E8C24EEC7 /* ContentView.swift */,
				E894EA467DAAA73B7D7CBB38 /* QtLlamaApp.swift */,
			);
			path = Sources;
			sourceTree = "<group>";
		};
		B691A0AD18DDCF57278A2D82 /* Packages */ = {
			isa = PBXGroup;
			children = (
				6EBC135318C91948FD2FDA87 /* MLXQtBridge */,
			);
			name = Packages;
			sourceTree = "<group>";
		};
		F67269697A1CB6A7A03EE863 = {
			isa = PBXGroup;
			children = (
				B691A0AD18DDCF57278A2D82 /* Packages */,
				79511DAAC08B1FD1FEDA0FFF /* Sources */,
				584BDC4566FAE5D3D3D68551 /* Products */,
			);
			sourceTree = "<group>";
		};
/* End PBXGroup section */

/* Begin PBXNativeTarget section */
		C5A68A00D404BB4FBD0D873D /* QtLlamaSwiftUI */ = {
			isa = PBXNativeTarget;
			buildConfigurationList = B024A1BB7A95E2AAA6E06105 /* Build configuration list for PBXNativeTarget "QtLlamaSwiftUI" */;
			buildPhases = (
				2C22AA93FA2EC89B1A8038CD /* Sources */,
				2A018850939DE2E7F6046374 /* Frameworks */,
			);
			buildRules = (
			);
			dependencies = (
			);
			name = QtLlamaSwiftUI;
			packageProductDependencies = (
				F2D1A9407FABB520623F081D /* MLXQtBridge */,
			);
			productName = QtLlamaSwiftUI;
			productReference = FBA09CB4F9EDD8BCC9A883A2 /* QtLlama.app */;
			productType = "com.apple.product-type.application";
		};
/* End PBXNativeTarget section */

/* Begin PBXProject section */
		85B3E6E51476BAABDB578CD2 /* Project object */ = {
			isa = PBXProject;
			attributes = {
				BuildIndependentTargetsInParallel = YES;
				LastUpgradeCheck = 1430;
				TargetAttributes = {
					C5A68A00D404BB4FBD0D873D = {
						ProvisioningStyle = Automatic;
					};
				};
			};
			buildConfigurationList = 1C3A9C950344D67E9E1099FC /* Build configuration list for PBXProject "QtLlamaSwiftUI" */;
			developmentRegion = en;
			hasScannedForEncodings = 0;
			knownRegions = (
				Base,
				en,
			);
			mainGroup = F67269697A1CB6A7A03EE863;
			minimizedProjectReferenceProxies = 1;
			packageReferences = (
				AF703CE323B44A15C767C2B9 /* XCLocalSwiftPackageReference "../MLXQtBridge" */,
			);
			preferredProjectObjectVersion = 77;
			productRefGroup = 584BDC4566FAE5D3D3D68551 /* Products */;
			projectDirPath = "";
			projectRoot = "";
			targets = (
				C5A68A00D404BB4FBD0D873D /* QtLlamaSwiftUI */,
			);
		};
/* End PBXProject section */

/* Begin PBXSourcesBuildPhase section */
		2C22AA93FA2EC89B1A8038CD /* Sources */ = {
			isa = PBXSourcesBuildPhase;
			buildActionMask = 2147483647;
			files = (
				8084B834588C2B735D5FD1E8 /* ChatViewModel.swift in Sources */,
				A37F7D70EC40465251C6A197 /* ContentView.swift in Sources */,
				106B0DF2F3D1AF79DA5D3805 /* QtLlamaApp.swift in Sources */,
			);
			runOnlyForDeploymentPostprocessing = 0;
		};
/* End PBXSourcesBuildPhase section */

/* Begin XCBuildConfiguration section */
		16F6DE33C3F68F4513A34F7C /* Release */ = {
			isa = XCBuildConfiguration;
			buildSettings = {
				ASSETCATALOG_COMPILER_APPICON_NAME = AppIcon;
				CODE_SIGN_IDENTITY = "iPhone Developer";
				CODE_SIGN_STYLE = Automatic;
				CURRENT_PROJECT_VERSION = 1;
				DEVELOPMENT_TEAM = P7R9UNDM2M;
				ENABLE_BITCODE = NO;
				GENERATE_INFOPLIST_FILE = YES;
				INFOPLIST_KEY_CFBundleDisplayName = "Qt Llama";
				INFOPLIST_KEY_UIApplicationSceneManifest_Generation = YES;
				INFOPLIST_KEY_UILaunchScreen_Generation = YES;
				LD_RUNPATH_SEARCH_PATHS = (
					"$(inherited)",
					"@executable_path/Frameworks",
				);
				MARKETING_VERSION = 1.0;
				PRODUCT_BUNDLE_IDENTIFIER = com.eloddobos.qtllama.swiftui;
				PRODUCT_NAME = QtLlama;
				SDKROOT = iphoneos;
				SWIFT_VERSION = 6.0;
				TARGETED_DEVICE_FAMILY = "1,2";
			};
			name = Release;
		};
		C4CDE13E390713A236B62A44 /* Debug */ = {
			isa = XCBuildConfiguration;
			buildSettings = {
				ALWAYS_SEARCH_USER_PATHS = NO;
				CLANG_ANALYZER_NONNULL = YES;
				CLANG_ANALYZER_NUMBER_OBJECT_CONVERSION = YES_AGGRESSIVE;
				CLANG_CXX_LANGUAGE_STANDARD = "gnu++14";
				CLANG_CXX_LIBRARY = "libc++";
				CLANG_ENABLE_MODULES = YES;
				CLANG_ENABLE_OBJC_ARC = YES;
				CLANG_ENABLE_OBJC_WEAK = YES;
				CLANG_WARN_BLOCK_CAPTURE_AUTORELEASING = YES;
				CLANG_WARN_BOOL_CONVERSION = YES;
				CLANG_WARN_COMMA = YES;
				CLANG_WARN_CONSTANT_CONVERSION = YES;
				CLANG_WARN_DEPRECATED_OBJC_IMPLEMENTATIONS = YES;
				CLANG_WARN_DIRECT_OBJC_ISA_USAGE = YES_ERROR;
				CLANG_WARN_DOCUMENTATION_COMMENTS = YES;
				CLANG_WARN_EMPTY_BODY = YES;
				CLANG_WARN_ENUM_CONVERSION = YES;
				CLANG_WARN_INFINITE_RECURSION = YES;
				CLANG_WARN_INT_CONVERSION = YES;
				CLANG_WARN_NON_LITERAL_NULL_CONVERSION = YES;
				CLANG_WARN_OBJC_IMPLICIT_RETAIN_SELF = YES;
				CLANG_WARN_OBJC_LITERAL_CONVERSION = YES;
				CLANG_WARN_OBJC_ROOT_CLASS = YES_ERROR;
				CLANG_WARN_QUOTED_INCLUDE_IN_FRAMEWORK_HEADER = YES;
				CLANG_WARN_RANGE_LOOP_ANALYSIS = YES;
				CLANG_WARN_STRICT_PROTOTYPES = YES;
				CLANG_WARN_SUSPICIOUS_MOVE = YES;
				CLANG_WARN_UNGUARDED_AVAILABILITY = YES_AGGRESSIVE;
				CLANG_WARN_UNREACHABLE_CODE = YES;
				CLANG_WARN__DUPLICATE_METHOD_MATCH = YES;
				COPY_PHASE_STRIP = NO;
				DEBUG_INFORMATION_FORMAT = dwarf;
				ENABLE_STRICT_OBJC_MSGSEND = YES;
				ENABLE_TESTABILITY = YES;
				GCC_C_LANGUAGE_STANDARD = gnu11;
				GCC_DYNAMIC_NO_PIC = NO;
				GCC_NO_COMMON_BLOCKS = YES;
				GCC_OPTIMIZATION_LEVEL = 0;
				GCC_PREPROCESSOR_DEFINITIONS = (
					"$(inherited)",
					"DEBUG=1",
				);
				GCC_WARN_64_TO_32_BIT_CONVERSION = YES;
				GCC_WARN_ABOUT_RETURN_TYPE = YES_ERROR;
				GCC_WARN_UNDECLARED_SELECTOR = YES;
				GCC_WARN_UNINITIALIZED_AUTOS = YES_AGGRESSIVE;
				GCC_WARN_UNUSED_FUNCTION = YES;
				GCC_WARN_UNUSED_VARIABLE = YES;
				IPHONEOS_DEPLOYMENT_TARGET = 17.0;
				MTL_ENABLE_DEBUG_INFO = INCLUDE_SOURCE;
				MTL_FAST_MATH = YES;
				ONLY_ACTIVE_ARCH = YES;
				PRODUCT_NAME = "$(TARGET_NAME)";
				SDKROOT = iphoneos;
				SWIFT_ACTIVE_COMPILATION_CONDITIONS = DEBUG;
				SWIFT_OPTIMIZATION_LEVEL = "-Onone";
				SWIFT_VERSION = 5.0;
			};
			name = Debug;
		};
		CAF7B8FBBA7919B5406C7D40 /* Release */ = {
			isa = XCBuildConfiguration;
			buildSettings = {
				ALWAYS_SEARCH_USER_PATHS = NO;
				CLANG_ANALYZER_NONNULL = YES;
				CLANG_ANALYZER_NUMBER_OBJECT_CONVERSION = YES_AGGRESSIVE;
				CLANG_CXX_LANGUAGE_STANDARD = "gnu++14";
				CLANG_CXX_LIBRARY = "libc++";
				CLANG_ENABLE_MODULES = YES;
				CLANG_ENABLE_OBJC_ARC = YES;
				CLANG_ENABLE_OBJC_WEAK = YES;
				CLANG_WARN_BLOCK_CAPTURE_AUTORELEASING = YES;
				CLANG_WARN_BOOL_CONVERSION = YES;
				CLANG_WARN_COMMA = YES;
				CLANG_WARN_CONSTANT_CONVERSION = YES;
				CLANG_WARN_DEPRECATED_OBJC_IMPLEMENTATIONS = YES;
				CLANG_WARN_DIRECT_OBJC_ISA_USAGE = YES_ERROR;
				CLANG_WARN_DOCUMENTATION_COMMENTS = YES;
				CLANG_WARN_EMPTY_BODY = YES;
				CLANG_WARN_ENUM_CONVERSION = YES;
				CLANG_WARN_INFINITE_RECURSION = YES;
				CLANG_WARN_INT_CONVERSION = YES;
				CLANG_WARN_NON_LITERAL_NULL_CONVERSION = YES;
				CLANG_WARN_OBJC_IMPLICIT_RETAIN_SELF = YES;
				CLANG_WARN_OBJC_LITERAL_CONVERSION = YES;
				CLANG_WARN_OBJC_ROOT_CLASS = YES_ERROR;
				CLANG_WARN_QUOTED_INCLUDE_IN_FRAMEWORK_HEADER = YES;
				CLANG_WARN_RANGE_LOOP_ANALYSIS = YES;
				CLANG_WARN_STRICT_PROTOTYPES = YES;
				CLANG_WARN_SUSPICIOUS_MOVE = YES;
				CLANG_WARN_UNGUARDED_AVAILABILITY = YES_AGGRESSIVE;
				CLANG_WARN_UNREACHABLE_CODE = YES;
				CLANG_WARN__DUPLICATE_METHOD_MATCH = YES;
				COPY_PHASE_STRIP = NO;
				DEBUG_INFORMATION_FORMAT = "dwarf-with-dsym";
				ENABLE_NS_ASSERTIONS = NO;
				ENABLE_STRICT_OBJC_MSGSEND = YES;
				GCC_C_LANGUAGE_STANDARD = gnu11;
				GCC_NO_COMMON_BLOCKS = YES;
				GCC_WARN_64_TO_32_BIT_CONVERSION = YES;
				GCC_WARN_ABOUT_RETURN_TYPE = YES_ERROR;
				GCC_WARN_UNDECLARED_SELECTOR = YES;
				GCC_WARN_UNINITIALIZED_AUTOS = YES_AGGRESSIVE;
				GCC_WARN_UNUSED_FUNCTION = YES;
				GCC_WARN_UNUSED_VARIABLE = YES;
				IPHONEOS_DEPLOYMENT_TARGET = 17.0;
				MTL_ENABLE_DEBUG_INFO = NO;
				MTL_FAST_MATH = YES;
				PRODUCT_NAME = "$(TARGET_NAME)";
				SDKROOT = iphoneos;
				SWIFT_COMPILATION_MODE = wholemodule;
				SWIFT_OPTIMIZATION_LEVEL = "-O";
				SWIFT_VERSION = 5.0;
			};
			name = Release;
		};
		F22B6514D9139B648E0FE786 /* Debug */ = {
			isa = XCBuildConfiguration;
			buildSettings = {
				ASSETCATALOG_COMPILER_APPICON_NAME = AppIcon;
				CODE_SIGN_IDENTITY = "iPhone Developer";
				CODE_SIGN_STYLE = Automatic;
				CURRENT_PROJECT_VERSION = 1;
				DEVELOPMENT_TEAM = P7R9UNDM2M;
				ENABLE_BITCODE = NO;
				GENERATE_INFOPLIST_FILE = YES;
				INFOPLIST_KEY_CFBundleDisplayName = "Qt Llama";
				INFOPLIST_KEY_UIApplicationSceneManifest_Generation = YES;
				INFOPLIST_KEY_UILaunchScreen_Generation = YES;
				LD_RUNPATH_SEARCH_PATHS = (
					"$(inherited)",
					"@executable_path/Frameworks",
				);
				MARKETING_VERSION = 1.0;
				PRODUCT_BUNDLE_IDENTIFIER = com.eloddobos.qtllama.swiftui;
				PRODUCT_NAME = QtLlama;
				SDKROOT = iphoneos;
				SWIFT_VERSION = 6.0;
				TARGETED_DEVICE_FAMILY = "1,2";
			};
			name = Debug;
		};
/* End XCBuildConfiguration section */

/* Begin XCConfigurationList section */
		1C3A9C950344D67E9E1099FC /* Build configuration list for PBXProject "QtLlamaSwiftUI" */ = {
			isa = XCConfigurationList;
			buildConfigurations = (
				C4CDE13E390713A236B62A44 /* Debug */,
				CAF7B8FBBA7919B5406C7D40 /* Release */,
			);
			defaultConfigurationIsVisible = 0;
			defaultConfigurationName = Debug;
		};
		B024A1BB7A95E2AAA6E06105 /* Build configuration list for PBXNativeTarget "QtLlamaSwiftUI" */ = {
			isa = XCConfigurationList;
			buildConfigurations = (
				F22B6514D9139B648E0FE786 /* Debug */,
				16F6DE33C3F68F4513A34F7C /* Release */,
			);
			defaultConfigurationIsVisible = 0;
			defaultConfigurationName = Debug;
		};
/* End XCConfigurationList section */

/* Begin XCLocalSwiftPackageReference section */
		AF703CE323B44A15C767C2B9 /* XCLocalSwiftPackageReference "../MLXQtBridge" */ = {
			isa = XCLocalSwiftPackageReference;
			relativePath = ../MLXQtBridge;
		};
/* End XCLocalSwiftPackageReference section */

/* Begin XCSwiftPackageProductDependency section */
		F2D1A9407FABB520623F081D /* MLXQtBridge */ = {
			isa = XCSwiftPackageProductDependency;
			productName = MLXQtBridge;
		};
/* End XCSwiftPackageProductDependency section */
	};
	rootObject = 85B3E6E51476BAABDB578CD2 /* Project object */;
}
